
Microsoft Visual Studio Solution File, Format Version 12.00
# Visual Studio Version 17
VisualStudioVersion = 17.14.36401.2
MinimumVisualStudioVersion = 10.0.40219.1
Project("{FAE04EC0-301F-11D3-BF4B-00C04F79EFBC}") = "api", "api.csproj", "{FB8C1005-D62D-4637-BF27-9D3FE9BC04D6}"
EndProject
Project("{FAE04EC0-301F-11D3-BF4B-00C04F79EFBC}") = "tests", "..\tests\tests.csproj", "{AFEFDDB4-DD16-442C-B961-4AFCB55F912B}"
EndProject
Global
	GlobalSection(SolutionConfigurationPlatforms) = preSolution
		Debug|Any CPU = Debug|Any CPU
		Release|Any CPU = Release|Any CPU
	EndGlobalSection
	GlobalSection(ProjectConfigurationPlatforms) = postSolution
		{FB8C1005-D62D-4637-BF27-9D3FE9BC04D6}.Debug|Any CPU.ActiveCfg = Debug|Any CPU
		{FB8C1005-D62D-4637-BF27-9D3FE9BC04D6}.Debug|Any CPU.Build.0 = Debug|Any CPU
		{FB8C1005-D62D-4637-BF27-9D3FE9BC04D6}.Release|Any CPU.ActiveCfg = Release|Any CPU
		{FB8C1005-D62D-4637-BF27-9D3FE9BC04D6}.Release|Any CPU.Build.0 = Release|Any CPU
		{AFEFDDB4-DD16-442C-B961-4AFCB55F912B}.Debug|Any CPU.ActiveCfg = Debug|Any CPU
		{AFEFDDB4-DD16-442C-B961-4AFCB55F912B}.Debug|Any CPU.Build.0 = Debug|Any CPU
		{AFEFDDB4-DD16-442C-B961-4AFCB55F912B}.Release|Any CPU.ActiveCfg = Release|Any CPU
		{AFEFDDB4-DD16-442C-B961-4AFCB55F912B}.Release|Any CPU.Build.0 = Release|Any CPU
	EndGlobalSection
	GlobalSection(SolutionProperties) = preSolution
		HideSolutionNode = FALSE
	EndGlobalSection
	GlobalSection(ExtensibilityGlobals) = postSolution
		SolutionGuid = {6FA8151E-1D34-4472-A57D-44A8CCB8D942}
	EndGlobalSection
EndGlobal
